
Microsoft Visual Studio Solution File, Format Version 12.00
# Visual Studio 2013
VisualStudioVersion = 12.0.40629.0
MinimumVisualStudioVersion = 10.0.40219.1
Project("{FAE04EC0-301F-11D3-BF4B-00C04F79EFBC}") = "Presentation", "Presentation\Presentation.csproj", "{8826908E-55D3-42F3-AC93-1600E69B6F97}"
	ProjectSection(ProjectDependencies) = postProject
		{F3ACB72A-B2C4-4E16-BA5F-3332A50423F3} = {F3ACB72A-B2C4-4E16-BA5F-3332A50423F3}
		{8852FB48-D501-43B3-925C-529EBDFCF5DA} = {8852FB48-D501-43B3-925C-529EBDFCF5DA}
		{BCB6598D-B718-4C52-A00D-98F659751A34} = {BCB6598D-B718-4C52-A00D-98F659751A34}
		{25A4E89F-79BA-4D7C-9B09-8A5053C2A0AE} = {25A4E89F-79BA-4D7C-9B09-8A5053C2A0AE}
	EndProjectSection
EndProject
Project("{FAE04EC0-301F-11D3-BF4B-00C04F79EFBC}") = "Domain", "Domain\Domain.csproj", "{25A4E89F-79BA-4D7C-9B09-8A5053C2A0AE}"
EndProject
Project("{FAE04EC0-301F-11D3-BF4B-00C04F79EFBC}") = "Factories", "Factories\Factories.csproj", "{F3ACB72A-B2C4-4E16-BA5F-3332A50423F3}"
	ProjectSection(ProjectDependencies) = postProject
		{BCB6598D-B718-4C52-A00D-98F659751A34} = {BCB6598D-B718-4C52-A00D-98F659751A34}
		{25A4E89F-79BA-4D7C-9B09-8A5053C2A0AE} = {25A4E89F-79BA-4D7C-9B09-8A5053C2A0AE}
	EndProjectSection
EndProject
Project("{FAE04EC0-301F-11D3-BF4B-00C04F79EFBC}") = "InterfacesActions", "InterfacesActions\InterfacesActions.csproj", "{BCB6598D-B718-4C52-A00D-98F659751A34}"
	ProjectSection(ProjectDependencies) = postProject
		{25A4E89F-79BA-4D7C-9B09-8A5053C2A0AE} = {25A4E89F-79BA-4D7C-9B09-8A5053C2A0AE}
	EndProjectSection
EndProject
Project("{FAE04EC0-301F-11D3-BF4B-00C04F79EFBC}") = "Infrastructure", "Infrastrucuture\Infrastructure.csproj", "{8852FB48-D501-43B3-925C-529EBDFCF5DA}"
	ProjectSection(ProjectDependencies) = postProject
		{BCB6598D-B718-4C52-A00D-98F659751A34} = {BCB6598D-B718-4C52-A00D-98F659751A34}
	EndProjectSection
EndProject
Project("{FAE04EC0-301F-11D3-BF4B-00C04F79EFBC}") = "Utils", "Utils\Utils.csproj", "{646374B4-0E49-42E0-8A08-DF43546E145D}"
EndProject
Project("{FAE04EC0-301F-11D3-BF4B-00C04F79EFBC}") = "Tests", "Tests\Tests.csproj", "{DAD6AE4B-62C9-474B-8872-AED3DB1D6074}"
EndProject
Project("{FAE04EC0-301F-11D3-BF4B-00C04F79EFBC}") = "DbService", "DbService\DbService.csproj", "{015698C3-B264-4BC2-8D9B-AB240CEFF85D}"
EndProject
Project("{FAE04EC0-301F-11D3-BF4B-00C04F79EFBC}") = "Domain.Mapping", "Domain.Mapping\Domain.Mapping.csproj", "{32AEE898-EAF4-4656-8F57-9C85534470DE}"
EndProject
Project("{FAE04EC0-301F-11D3-BF4B-00C04F79EFBC}") = "Repository", "Repository\Repository.csproj", "{E1EFCBBF-CB4D-4FD1-9528-159676BEDFBF}"
EndProject
Project("{FAE04EC0-301F-11D3-BF4B-00C04F79EFBC}") = "Repository.Interfaces", "Repository.Interfaces\Repository.Interfaces.csproj", "{D803CE4A-4A6E-4D23-9413-20668A7A6B50}"
EndProject
Project("{FAE04EC0-301F-11D3-BF4B-00C04F79EFBC}") = "ActionImplementation", "ActionImplementation\ActionImplementation.csproj", "{ABD127A7-D346-4685-8F55-DB7DDF6850A8}"
EndProject
Project("{FAE04EC0-301F-11D3-BF4B-00C04F79EFBC}") = "Web", "Web\Web.csproj", "{3A37539D-B3C3-45F7-BBF2-54B556444713}"
EndProject
Global
	GlobalSection(SolutionConfigurationPlatforms) = preSolution
		Debug|Any CPU = Debug|Any CPU
		Release|Any CPU = Release|Any CPU
	EndGlobalSection
	GlobalSection(ProjectConfigurationPlatforms) = postSolution
		{8826908E-55D3-42F3-AC93-1600E69B6F97}.Debug|Any CPU.ActiveCfg = Debug|Any CPU
		{8826908E-55D3-42F3-AC93-1600E69B6F97}.Debug|Any CPU.Build.0 = Debug|Any CPU
		{8826908E-55D3-42F3-AC93-1600E69B6F97}.Release|Any CPU.ActiveCfg = Release|Any CPU
		{8826908E-55D3-42F3-AC93-1600E69B6F97}.Release|Any CPU.Build.0 = Release|Any CPU
		{25A4E89F-79BA-4D7C-9B09-8A5053C2A0AE}.Debug|Any CPU.ActiveCfg = Debug|Any CPU
		{25A4E89F-79BA-4D7C-9B09-8A5053C2A0AE}.Debug|Any CPU.Build.0 = Debug|Any CPU
		{25A4E89F-79BA-4D7C-9B09-8A5053C2A0AE}.Release|Any CPU.ActiveCfg = Release|Any CPU
		{25A4E89F-79BA-4D7C-9B09-8A5053C2A0AE}.Release|Any CPU.Build.0 = Release|Any CPU
		{F3ACB72A-B2C4-4E16-BA5F-3332A50423F3}.Debug|Any CPU.ActiveCfg = Debug|Any CPU
		{F3ACB72A-B2C4-4E16-BA5F-3332A50423F3}.Debug|Any CPU.Build.0 = Debug|Any CPU
		{F3ACB72A-B2C4-4E16-BA5F-3332A50423F3}.Release|Any CPU.ActiveCfg = Release|Any CPU
		{F3ACB72A-B2C4-4E16-BA5F-3332A50423F3}.Release|Any CPU.Build.0 = Release|Any CPU
		{BCB6598D-B718-4C52-A00D-98F659751A34}.Debug|Any CPU.ActiveCfg = Debug|Any CPU
		{BCB6598D-B718-4C52-A00D-98F659751A34}.Debug|Any CPU.Build.0 = Debug|Any CPU
		{BCB6598D-B718-4C52-A00D-98F659751A34}.Release|Any CPU.ActiveCfg = Release|Any CPU
		{BCB6598D-B718-4C52-A00D-98F659751A34}.Release|Any CPU.Build.0 = Release|Any CPU
		{8852FB48-D501-43B3-925C-529EBDFCF5DA}.Debug|Any CPU.ActiveCfg = Debug|Any CPU
		{8852FB48-D501-43B3-925C-529EBDFCF5DA}.Debug|Any CPU.Build.0 = Debug|Any CPU
		{8852FB48-D501-43B3-925C-529EBDFCF5DA}.Release|Any CPU.ActiveCfg = Release|Any CPU
		{8852FB48-D501-43B3-925C-529EBDFCF5DA}.Release|Any CPU.Build.0 = Release|Any CPU
		{646374B4-0E49-42E0-8A08-DF43546E145D}.Debug|Any CPU.ActiveCfg = Debug|Any CPU
		{646374B4-0E49-42E0-8A08-DF43546E145D}.Debug|Any CPU.Build.0 = Debug|Any CPU
		{646374B4-0E49-42E0-8A08-DF43546E145D}.Release|Any CPU.ActiveCfg = Release|Any CPU
		{646374B4-0E49-42E0-8A08-DF43546E145D}.Release|Any CPU.Build.0 = Release|Any CPU
		{DAD6AE4B-62C9-474B-8872-AED3DB1D6074}.Debug|Any CPU.ActiveCfg = Debug|Any CPU
		{DAD6AE4B-62C9-474B-8872-AED3DB1D6074}.Debug|Any CPU.Build.0 = Debug|Any CPU
		{DAD6AE4B-62C9-474B-8872-AED3DB1D6074}.Release|Any CPU.ActiveCfg = Release|Any CPU
		{DAD6AE4B-62C9-474B-8872-AED3DB1D6074}.Release|Any CPU.Build.0 = Release|Any CPU
		{015698C3-B264-4BC2-8D9B-AB240CEFF85D}.Debug|Any CPU.ActiveCfg = Debug|Any CPU
		{015698C3-B264-4BC2-8D9B-AB240CEFF85D}.Debug|Any CPU.Build.0 = Debug|Any CPU
		{015698C3-B264-4BC2-8D9B-AB240CEFF85D}.Release|Any CPU.ActiveCfg = Release|Any CPU
		{015698C3-B264-4BC2-8D9B-AB240CEFF85D}.Release|Any CPU.Build.0 = Release|Any CPU
		{32AEE898-EAF4-4656-8F57-9C85534470DE}.Debug|Any CPU.ActiveCfg = Debug|Any CPU
		{32AEE898-EAF4-4656-8F57-9C85534470DE}.Debug|Any CPU.Build.0 = Debug|Any CPU
		{32AEE898-EAF4-4656-8F57-9C85534470DE}.Release|Any CPU.ActiveCfg = Release|Any CPU
		{32AEE898-EAF4-4656-8F57-9C85534470DE}.Release|Any CPU.Build.0 = Release|Any CPU
		{E1EFCBBF-CB4D-4FD1-9528-159676BEDFBF}.Debug|Any CPU.ActiveCfg = Debug|Any CPU
		{E1EFCBBF-CB4D-4FD1-9528-159676BEDFBF}.Debug|Any CPU.Build.0 = Debug|Any CPU
		{E1EFCBBF-CB4D-4FD1-9528-159676BEDFBF}.Release|Any CPU.ActiveCfg = Release|Any CPU
		{E1EFCBBF-CB4D-4FD1-9528-159676BEDFBF}.Release|Any CPU.Build.0 = Release|Any CPU
		{D803CE4A-4A6E-4D23-9413-20668A7A6B50}.Debug|Any CPU.ActiveCfg = Debug|Any CPU
		{D803CE4A-4A6E-4D23-9413-20668A7A6B50}.Debug|Any CPU.Build.0 = Debug|Any CPU
		{D803CE4A-4A6E-4D23-9413-20668A7A6B50}.Release|Any CPU.ActiveCfg = Release|Any CPU
		{D803CE4A-4A6E-4D23-9413-20668A7A6B50}.Release|Any CPU.Build.0 = Release|Any CPU
		{ABD127A7-D346-4685-8F55-DB7DDF6850A8}.Debug|Any CPU.ActiveCfg = Debug|Any CPU
		{ABD127A7-D346-4685-8F55-DB7DDF6850A8}.Debug|Any CPU.Build.0 = Debug|Any CPU
		{ABD127A7-D346-4685-8F55-DB7DDF6850A8}.Release|Any CPU.ActiveCfg = Release|Any CPU
		{ABD127A7-D346-4685-8F55-DB7DDF6850A8}.Release|Any CPU.Build.0 = Release|Any CPU
		{3A37539D-B3C3-45F7-BBF2-54B556444713}.Debug|Any CPU.ActiveCfg = Debug|Any CPU
		{3A37539D-B3C3-45F7-BBF2-54B556444713}.Debug|Any CPU.Build.0 = Debug|Any CPU
		{3A37539D-B3C3-45F7-BBF2-54B556444713}.Release|Any CPU.ActiveCfg = Release|Any CPU
		{3A37539D-B3C3-45F7-BBF2-54B556444713}.Release|Any CPU.Build.0 = Release|Any CPU
	EndGlobalSection
	GlobalSection(SolutionProperties) = preSolution
		HideSolutionNode = FALSE
	EndGlobalSection
EndGlobal
